
Microsoft Visual Studio Solution File, Format Version 12.00
# Visual Studio 15
VisualStudioVersion = 15.0.28307.106
MinimumVisualStudioVersion = 10.0.40219.1
Project("{FAE04EC0-301F-11D3-BF4B-00C04F79EFBC}") = "dns check program(bank)", "dns check program(bank)\dns check program(bank).csproj", "{87CAD5F2-F56F-4AC4-8505-EE1F070EE984}"
EndProject
Global
	GlobalSection(SolutionConfigurationPlatforms) = preSolution
		Debug|Any CPU = Debug|Any CPU
		Release|Any CPU = Release|Any CPU
	EndGlobalSection
	GlobalSection(ProjectConfigurationPlatforms) = postSolution
		{87CAD5F2-F56F-4AC4-8505-EE1F070EE984}.Debug|Any CPU.ActiveCfg = Debug|Any CPU
		{87CAD5F2-F56F-4AC4-8505-EE1F070EE984}.Debug|Any CPU.Build.0 = Debug|Any CPU
		{87CAD5F2-F56F-4AC4-8505-EE1F070EE984}.Release|Any CPU.ActiveCfg = Release|Any CPU
		{87CAD5F2-F56F-4AC4-8505-EE1F070EE984}.Release|Any CPU.Build.0 = Release|Any CPU
	EndGlobalSection
	GlobalSection(SolutionProperties) = preSolution
		HideSolutionNode = FALSE
	EndGlobalSection
	GlobalSection(ExtensibilityGlobals) = postSolution
		SolutionGuid = {22B751DF-269E-4A5C-8BC5-B33F64E2C5FD}
	EndGlobalSection
EndGlobal
